// !$*UTF8*$!
{
	archiveVersion = 1;
	classes = {
	};
	objectVersion = 56;
	objects = {

/* Begin PBXBuildFile section */
		152B6ED92927CE4E0083DC65 /* ApiManager.swift in Sources */ = {isa = PBXBuildFile; fileRef = 152B6ED82927CE4E0083DC65 /* ApiManager.swift */; };
		152B6EDD2927F80F0083DC65 /* ListTableViewCell.swift in Sources */ = {isa = PBXBuildFile; fileRef = 152B6EDB2927F80F0083DC65 /* ListTableViewCell.swift */; };
		152B6EDE2927F80F0083DC65 /* ListTableViewCell.xib in Resources */ = {isa = PBXBuildFile; fileRef = 152B6EDC2927F80F0083DC65 /* ListTableViewCell.xib */; };
		1538833E29F965CC002D079E /* Alert+Protocol.swift in Sources */ = {isa = PBXBuildFile; fileRef = 1538833D29F965CC002D079E /* Alert+Protocol.swift */; };
		157799C429D21AD4008CA26B /* URLs+Enum.swift in Sources */ = {isa = PBXBuildFile; fileRef = 157799C329D21AD4008CA26B /* URLs+Enum.swift */; };
		157997042926C48A00A50F37 /* AppDelegate.swift in Sources */ = {isa = PBXBuildFile; fileRef = 157997032926C48A00A50F37 /* AppDelegate.swift */; };
		157997082926C48A00A50F37 /* GetVC.swift in Sources */ = {isa = PBXBuildFile; fileRef = 157997072926C48A00A50F37 /* GetVC.swift */; };
		1579970B2926C48A00A50F37 /* Main.storyboard in Resources */ = {isa = PBXBuildFile; fileRef = 157997092926C48A00A50F37 /* Main.storyboard */; };
		1579970D2926C48B00A50F37 /* Assets.xcassets in Resources */ = {isa = PBXBuildFile; fileRef = 1579970C2926C48B00A50F37 /* Assets.xcassets */; };
		157997102926C48B00A50F37 /* LaunchScreen.storyboard in Resources */ = {isa = PBXBuildFile; fileRef = 1579970E2926C48B00A50F37 /* LaunchScreen.storyboard */; };
		157997202926CAD400A50F37 /* PhotosModel.swift in Sources */ = {isa = PBXBuildFile; fileRef = 1579971F2926CAD400A50F37 /* PhotosModel.swift */; };
		15F7DE872928BB8B00D0DF27 /* PlaceholderModel.swift in Sources */ = {isa = PBXBuildFile; fileRef = 15F7DE862928BB8B00D0DF27 /* PlaceholderModel.swift */; };
		15F7DE892928DF0F00D0DF27 /* PostVC.swift in Sources */ = {isa = PBXBuildFile; fileRef = 15F7DE882928DF0F00D0DF27 /* PostVC.swift */; };
		271ADCFE24D0B621D89E1391 /* Pods_ApiManger.framework in Frameworks */ = {isa = PBXBuildFile; fileRef = 79252CE3AC9BEA7D6D113DD5 /* Pods_ApiManger.framework */; };
/* End PBXBuildFile section */

/* Begin PBXFileReference section */
		152B6ED82927CE4E0083DC65 /* ApiManager.swift */ = {isa = PBXFileReference; lastKnownFileType = sourcecode.swift; path = ApiManager.swift; sourceTree = "<group>"; };
		152B6EDB2927F80F0083DC65 /* ListTableViewCell.swift */ = {isa = PBXFileReference; lastKnownFileType = sourcecode.swift; path = ListTableViewCell.swift; sourceTree = "<group>"; };
		152B6EDC2927F80F0083DC65 /* ListTableViewCell.xib */ = {isa = PBXFileReference; lastKnownFileType = file.xib; path = ListTableViewCell.xib; sourceTree = "<group>"; };
		1538833D29F965CC002D079E /* Alert+Protocol.swift */ = {isa = PBXFileReference; lastKnownFileType = sourcecode.swift; path = "Alert+Protocol.swift"; sourceTree = "<group>"; };
		157799C329D21AD4008CA26B /* URLs+Enum.swift */ = {isa = PBXFileReference; lastKnownFileType = sourcecode.swift; path = "URLs+Enum.swift"; sourceTree = "<group>"; };
		157997002926C48A00A50F37 /* ApiManger.app */ = {isa = PBXFileReference; explicitFileType = wrapper.application; includeInIndex = 0; path = ApiManger.app; sourceTree = BUILT_PRODUCTS_DIR; };
		157997032926C48A00A50F37 /* AppDelegate.swift */ = {isa = PBXFileReference; lastKnownFileType = sourcecode.swift; path = AppDelegate.swift; sourceTree = "<group>"; };
		157997072926C48A00A50F37 /* GetVC.swift */ = {isa = PBXFileReference; lastKnownFileType = sourcecode.swift; path = GetVC.swift; sourceTree = "<group>"; };
		1579970A2926C48A00A50F37 /* Base */ = {isa = PBXFileReference; lastKnownFileType = file.storyboard; name = Base; path = Base.lproj/Main.storyboard; sourceTree = "<group>"; };
		1579970C2926C48B00A50F37 /* Assets.xcassets */ = {isa = PBXFileReference; lastKnownFileType = folder.assetcatalog; path = Assets.xcassets; sourceTree = "<group>"; };
		1579970F2926C48B00A50F37 /* Base */ = {isa = PBXFileReference; lastKnownFileType = file.storyboard; name = Base; path = Base.lproj/LaunchScreen.storyboard; sourceTree = "<group>"; };
		157997112926C48B00A50F37 /* Info.plist */ = {isa = PBXFileReference; lastKnownFileType = text.plist.xml; path = Info.plist; sourceTree = "<group>"; };
		1579971F2926CAD400A50F37 /* PhotosModel.swift */ = {isa = PBXFileReference; lastKnownFileType = sourcecode.swift; path = PhotosModel.swift; sourceTree = "<group>"; };
		15F7DE862928BB8B00D0DF27 /* PlaceholderModel.swift */ = {isa = PBXFileReference; lastKnownFileType = sourcecode.swift; path = PlaceholderModel.swift; sourceTree = "<group>"; };
		15F7DE882928DF0F00D0DF27 /* PostVC.swift */ = {isa = PBXFileReference; lastKnownFileType = sourcecode.swift; path = PostVC.swift; sourceTree = "<group>"; };
		326D8FD93BA2587FF9ED3BFC /* Pods-ApiManger.debug.xcconfig */ = {isa = PBXFileReference; includeInIndex = 1; lastKnownFileType = text.xcconfig; name = "Pods-ApiManger.debug.xcconfig"; path = "Target Support Files/Pods-ApiManger/Pods-ApiManger.debug.xcconfig"; sourceTree = "<group>"; };
		79252CE3AC9BEA7D6D113DD5 /* Pods_ApiManger.framework */ = {isa = PBXFileReference; explicitFileType = wrapper.framework; includeInIndex = 0; path = Pods_ApiManger.framework; sourceTree = BUILT_PRODUCTS_DIR; };
		E5B923DBA84D12B4BA5856F8 /* Pods-ApiManger.release.xcconfig */ = {isa = PBXFileReference; includeInIndex = 1; lastKnownFileType = text.xcconfig; name = "Pods-ApiManger.release.xcconfig"; path = "Target Support Files/Pods-ApiManger/Pods-ApiManger.release.xcconfig"; sourceTree = "<group>"; };
/* End PBXFileReference section */

/* Begin PBXFrameworksBuildPhase section */
		157996FD2926C48A00A50F37 /* Frameworks */ = {
			isa = PBXFrameworksBuildPhase;
			buildActionMask = 2147483647;
			files = (
				271ADCFE24D0B621D89E1391 /* Pods_ApiManger.framework in Frameworks */,
			);
			runOnlyForDeploymentPostprocessing = 0;
		};
/* End PBXFrameworksBuildPhase section */

/* Begin PBXGroup section */
		152B6EDA2927F7F60083DC65 /* Cells */ = {
			isa = PBXGroup;
			children = (
				152B6EDB2927F80F0083DC65 /* ListTableViewCell.swift */,
				152B6EDC2927F80F0083DC65 /* ListTableViewCell.xib */,
			);
			path = Cells;
			sourceTree = "<group>";
		};
		1538833C29F965B8002D079E /* Protocols */ = {
			isa = PBXGroup;
			children = (
				1538833D29F965CC002D079E /* Alert+Protocol.swift */,
			);
			path = Protocols;
			sourceTree = "<group>";
		};
		157799C029D21572008CA26B /* ApiManager */ = {
			isa = PBXGroup;
			children = (
				152B6ED82927CE4E0083DC65 /* ApiManager.swift */,
				157799C329D21AD4008CA26B /* URLs+Enum.swift */,
			);
			path = ApiManager;
			sourceTree = "<group>";
		};
		157996F72926C48A00A50F37 = {
			isa = PBXGroup;
			children = (
				157997022926C48A00A50F37 /* ApiManger */,
				157997012926C48A00A50F37 /* Products */,
				558A38B523068DAC016EA1F4 /* Pods */,
				821199E6D674D7DCAEAA644A /* Frameworks */,
			);
			sourceTree = "<group>";
		};
		157997012926C48A00A50F37 /* Products */ = {
			isa = PBXGroup;
			children = (
				157997002926C48A00A50F37 /* ApiManger.app */,
			);
			name = Products;
			sourceTree = "<group>";
		};
		157997022926C48A00A50F37 /* ApiManger */ = {
			isa = PBXGroup;
			children = (
				157997172926C58900A50F37 /* Application */,
				1579971B2926C5E000A50F37 /* MVC */,
				1579970C2926C48B00A50F37 /* Assets.xcassets */,
				1579970E2926C48B00A50F37 /* LaunchScreen.storyboard */,
				157997112926C48B00A50F37 /* Info.plist */,
			);
			path = ApiManger;
			sourceTree = "<group>";
		};
		157997172926C58900A50F37 /* Application */ = {
			isa = PBXGroup;
			children = (
				157997032926C48A00A50F37 /* AppDelegate.swift */,
			);
			path = Application;
			sourceTree = "<group>";
		};
		157997182926C5C600A50F37 /* Controller */ = {
			isa = PBXGroup;
			children = (
				15F7DE882928DF0F00D0DF27 /* PostVC.swift */,
				157997072926C48A00A50F37 /* GetVC.swift */,
			);
			path = Controller;
			sourceTree = "<group>";
		};
		157997192926C5D000A50F37 /* Storyboard */ = {
			isa = PBXGroup;
			children = (
				157997092926C48A00A50F37 /* Main.storyboard */,
			);
			path = Storyboard;
			sourceTree = "<group>";
		};
		1579971A2926C5D900A50F37 /* View */ = {
			isa = PBXGroup;
			children = (
				152B6EDA2927F7F60083DC65 /* Cells */,
				157997192926C5D000A50F37 /* Storyboard */,
			);
			path = View;
			sourceTree = "<group>";
		};
		1579971B2926C5E000A50F37 /* MVC */ = {
			isa = PBXGroup;
			children = (
				1538833C29F965B8002D079E /* Protocols */,
				1579971C2926C5E700A50F37 /* Model */,
				157997182926C5C600A50F37 /* Controller */,
				1579971A2926C5D900A50F37 /* View */,
			);
			path = MVC;
			sourceTree = "<group>";
		};
		1579971C2926C5E700A50F37 /* Model */ = {
			isa = PBXGroup;
			children = (
				1579971F2926CAD400A50F37 /* PhotosModel.swift */,
				15F7DE862928BB8B00D0DF27 /* PlaceholderModel.swift */,
				157799C029D21572008CA26B /* ApiManager */,
			);
			path = Model;
			sourceTree = "<group>";
		};
		558A38B523068DAC016EA1F4 /* Pods */ = {
			isa = PBXGroup;
			children = (
				326D8FD93BA2587FF9ED3BFC /* Pods-ApiManger.debug.xcconfig */,
				E5B923DBA84D12B4BA5856F8 /* Pods-ApiManger.release.xcconfig */,
			);
			path = Pods;
			sourceTree = "<group>";
		};
		821199E6D674D7DCAEAA644A /* Frameworks */ = {
			isa = PBXGroup;
			children = (
				79252CE3AC9BEA7D6D113DD5 /* Pods_ApiManger.framework */,
			);
			name = Frameworks;
			sourceTree = "<group>";
		};
/* End PBXGroup section */

/* Begin PBXNativeTarget section */
		157996FF2926C48A00A50F37 /* ApiManger */ = {
			isa = PBXNativeTarget;
			buildConfigurationList = 157997142926C48B00A50F37 /* Build configuration list for PBXNativeTarget "ApiManger" */;
			buildPhases = (
				D445C988011E460AA14D48DB /* [CP] Check Pods Manifest.lock */,
				157996FC2926C48A00A50F37 /* Sources */,
				157996FD2926C48A00A50F37 /* Frameworks */,
				157996FE2926C48A00A50F37 /* Resources */,
				D1775872D6163F6F68CBD948 /* [CP] Embed Pods Frameworks */,
			);
			buildRules = (
			);
			dependencies = (
			);
			name = ApiManger;
			productName = ApiManger;
			productReference = 157997002926C48A00A50F37 /* ApiManger.app */;
			productType = "com.apple.product-type.application";
		};
/* End PBXNativeTarget section */

/* Begin PBXProject section */
		157996F82926C48A00A50F37 /* Project object */ = {
			isa = PBXProject;
			attributes = {
				BuildIndependentTargetsInParallel = 1;
				LastSwiftUpdateCheck = 1410;
				LastUpgradeCheck = 1410;
				TargetAttributes = {
					157996FF2926C48A00A50F37 = {
						CreatedOnToolsVersion = 14.1;
					};
				};
			};
			buildConfigurationList = 157996FB2926C48A00A50F37 /* Build configuration list for PBXProject "ApiManger" */;
			compatibilityVersion = "Xcode 14.0";
			developmentRegion = en;
			hasScannedForEncodings = 0;
			knownRegions = (
				en,
				Base,
			);
			mainGroup = 157996F72926C48A00A50F37;
			productRefGroup = 157997012926C48A00A50F37 /* Products */;
			projectDirPath = "";
			projectRoot = "";
			targets = (
				157996FF2926C48A00A50F37 /* ApiManger */,
			);
		};
/* End PBXProject section */

/* Begin PBXResourcesBuildPhase section */
		157996FE2926C48A00A50F37 /* Resources */ = {
			isa = PBXResourcesBuildPhase;
			buildActionMask = 2147483647;
			files = (
				157997102926C48B00A50F37 /* LaunchScreen.storyboard in Resources */,
				152B6EDE2927F80F0083DC65 /* ListTableViewCell.xib in Resources */,
				1579970D2926C48B00A50F37 /* Assets.xcassets in Resources */,
				1579970B2926C48A00A50F37 /* Main.storyboard in Resources */,
			);
			runOnlyForDeploymentPostprocessing = 0;
		};
/* End PBXResourcesBuildPhase section */

/* Begin PBXShellScriptBuildPhase section */
		D1775872D6163F6F68CBD948 /* [CP] Embed Pods Frameworks */ = {
			isa = PBXShellScriptBuildPhase;
			buildActionMask = 2147483647;
			files = (
			);
			inputFileListPaths = (
				"${PODS_ROOT}/Target Support Files/Pods-ApiManger/Pods-ApiManger-frameworks-${CONFIGURATION}-input-files.xcfilelist",
			);
			name = "[CP] Embed Pods Frameworks";
			outputFileListPaths = (
				"${PODS_ROOT}/Target Support Files/Pods-ApiManger/Pods-ApiManger-frameworks-${CONFIGURATION}-output-files.xcfilelist",
			);
			runOnlyForDeploymentPostprocessing = 0;
			shellPath = /bin/sh;
			shellScript = "\"${PODS_ROOT}/Target Support Files/Pods-ApiManger/Pods-ApiManger-frameworks.sh\"\n";
			showEnvVarsInLog = 0;
		};
		D445C988011E460AA14D48DB /* [CP] Check Pods Manifest.lock */ = {
			isa = PBXShellScriptBuildPhase;
			buildActionMask = 2147483647;
			files = (
			);
			inputFileListPaths = (
			);
			inputPaths = (
				"${PODS_PODFILE_DIR_PATH}/Podfile.lock",
				"${PODS_ROOT}/Manifest.lock",
			);
			name = "[CP] Check Pods Manifest.lock";
			outputFileListPaths = (
			);
			outputPaths = (
				"$(DERIVED_FILE_DIR)/Pods-ApiManger-checkManifestLockResult.txt",
			);
			runOnlyForDeploymentPostprocessing = 0;
			shellPath = /bin/sh;
			shellScript = "diff \"${PODS_PODFILE_DIR_PATH}/Podfile.lock\" \"${PODS_ROOT}/Manifest.lock\" > /dev/null\nif [ $? != 0 ] ; then\n    # print error to STDERR\n    echo \"error: The sandbox is not in sync with the Podfile.lock. Run 'pod install' or update your CocoaPods installation.\" >&2\n    exit 1\nfi\n# This output is used by Xcode 'outputs' to avoid re-running this script phase.\necho \"SUCCESS\" > \"${SCRIPT_OUTPUT_FILE_0}\"\n";
			showEnvVarsInLog = 0;
		};
/* End PBXShellScriptBuildPhase section */

/* Begin PBXSourcesBuildPhase section */
		157996FC2926C48A00A50F37 /* Sources */ = {
			isa = PBXSourcesBuildPhase;
			buildActionMask = 2147483647;
			files = (
				157997082926C48A00A50F37 /* GetVC.swift in Sources */,
				152B6ED92927CE4E0083DC65 /* ApiManager.swift in Sources */,
				157997202926CAD400A50F37 /* PhotosModel.swift in Sources */,
				15F7DE872928BB8B00D0DF27 /* PlaceholderModel.swift in Sources */,
				1538833E29F965CC002D079E /* Alert+Protocol.swift in Sources */,
				157799C429D21AD4008CA26B /* URLs+Enum.swift in Sources */,
				157997042926C48A00A50F37 /* AppDelegate.swift in Sources */,
				152B6EDD2927F80F0083DC65 /* ListTableViewCell.swift in Sources */,
				15F7DE892928DF0F00D0DF27 /* PostVC.swift in Sources */,
			);
			runOnlyForDeploymentPostprocessing = 0;
		};
/* End PBXSourcesBuildPhase section */

/* Begin PBXVariantGroup section */
		157997092926C48A00A50F37 /* Main.storyboard */ = {
			isa = PBXVariantGroup;
			children = (
				1579970A2926C48A00A50F37 /* Base */,
			);
			name = Main.storyboard;
			sourceTree = "<group>";
		};
		1579970E2926C48B00A50F37 /* LaunchScreen.storyboard */ = {
			isa = PBXVariantGroup;
			children = (
				1579970F2926C48B00A50F37 /* Base */,
			);
			name = LaunchScreen.storyboard;
			sourceTree = "<group>";
		};
/* End PBXVariantGroup section */

/* Begin XCBuildConfiguration section */
		157997122926C48B00A50F37 /* Debug */ = {
			isa = XCBuildConfiguration;
			buildSettings = {
				ALWAYS_SEARCH_USER_PATHS = NO;
				CLANG_ANALYZER_NONNULL = YES;
				CLANG_ANALYZER_NUMBER_OBJECT_CONVERSION = YES_AGGRESSIVE;
				CLANG_CXX_LANGUAGE_STANDARD = "gnu++20";
				CLANG_ENABLE_MODULES = YES;
				CLANG_ENABLE_OBJC_ARC = YES;
				CLANG_ENABLE_OBJC_WEAK = YES;
				CLANG_WARN_BLOCK_CAPTURE_AUTORELEASING = YES;
				CLANG_WARN_BOOL_CONVERSION = YES;
				CLANG_WARN_COMMA = YES;
				CLANG_WARN_CONSTANT_CONVERSION = YES;
				CLANG_WARN_DEPRECATED_OBJC_IMPLEMENTATIONS = YES;
				CLANG_WARN_DIRECT_OBJC_ISA_USAGE = YES_ERROR;
				CLANG_WARN_DOCUMENTATION_COMMENTS = YES;
				CLANG_WARN_EMPTY_BODY = YES;
				CLANG_WARN_ENUM_CONVERSION = YES;
				CLANG_WARN_INFINITE_RECURSION = YES;
				CLANG_WARN_INT_CONVERSION = YES;
				CLANG_WARN_NON_LITERAL_NULL_CONVERSION = YES;
				CLANG_WARN_OBJC_IMPLICIT_RETAIN_SELF = YES;
				CLANG_WARN_OBJC_LITERAL_CONVERSION = YES;
				CLANG_WARN_OBJC_ROOT_CLASS = YES_ERROR;
				CLANG_WARN_QUOTED_INCLUDE_IN_FRAMEWORK_HEADER = YES;
				CLANG_WARN_RANGE_LOOP_ANALYSIS = YES;
				CLANG_WARN_STRICT_PROTOTYPES = YES;
				CLANG_WARN_SUSPICIOUS_MOVE = YES;
				CLANG_WARN_UNGUARDED_AVAILABILITY = YES_AGGRESSIVE;
				CLANG_WARN_UNREACHABLE_CODE = YES;
				CLANG_WARN__DUPLICATE_METHOD_MATCH = YES;
				COPY_PHASE_STRIP = NO;
				DEBUG_INFORMATION_FORMAT = dwarf;
				ENABLE_STRICT_OBJC_MSGSEND = YES;
				ENABLE_TESTABILITY = YES;
				GCC_C_LANGUAGE_STANDARD = gnu11;
				GCC_DYNAMIC_NO_PIC = NO;
				GCC_NO_COMMON_BLOCKS = YES;
				GCC_OPTIMIZATION_LEVEL = 0;
				GCC_PREPROCESSOR_DEFINITIONS = (
					"DEBUG=1",
					"$(inherited)",
				);
				GCC_WARN_64_TO_32_BIT_CONVERSION = YES;
				GCC_WARN_ABOUT_RETURN_TYPE = YES_ERROR;
				GCC_WARN_UNDECLARED_SELECTOR = YES;
				GCC_WARN_UNINITIALIZED_AUTOS = YES_AGGRESSIVE;
				GCC_WARN_UNUSED_FUNCTION = YES;
				GCC_WARN_UNUSED_VARIABLE = YES;
				IPHONEOS_DEPLOYMENT_TARGET = 16.1;
				MTL_ENABLE_DEBUG_INFO = INCLUDE_SOURCE;
				MTL_FAST_MATH = YES;
				ONLY_ACTIVE_ARCH = YES;
				SDKROOT = iphoneos;
				SWIFT_ACTIVE_COMPILATION_CONDITIONS = DEBUG;
				SWIFT_OPTIMIZATION_LEVEL = "-Onone";
			};
			name = Debug;
		};
		157997132926C48B00A50F37 /* Release */ = {
			isa = XCBuildConfiguration;
			buildSettings = {
				ALWAYS_SEARCH_USER_PATHS = NO;
				CLANG_ANALYZER_NONNULL = YES;
				CLANG_ANALYZER_NUMBER_OBJECT_CONVERSION = YES_AGGRESSIVE;
				CLANG_CXX_LANGUAGE_STANDARD = "gnu++20";
				CLANG_ENABLE_MODULES = YES;
				CLANG_ENABLE_OBJC_ARC = YES;
				CLANG_ENABLE_OBJC_WEAK = YES;
				CLANG_WARN_BLOCK_CAPTURE_AUTORELEASING = YES;
				CLANG_WARN_BOOL_CONVERSION = YES;
				CLANG_WARN_COMMA = YES;
				CLANG_WARN_CONSTANT_CONVERSION = YES;
				CLANG_WARN_DEPRECATED_OBJC_IMPLEMENTATIONS = YES;
				CLANG_WARN_DIRECT_OBJC_ISA_USAGE = YES_ERROR;
				CLANG_WARN_DOCUMENTATION_COMMENTS = YES;
				CLANG_WARN_EMPTY_BODY = YES;
				CLANG_WARN_ENUM_CONVERSION = YES;
				CLANG_WARN_INFINITE_RECURSION = YES;
				CLANG_WARN_INT_CONVERSION = YES;
				CLANG_WARN_NON_LITERAL_NULL_CONVERSION = YES;
				CLANG_WARN_OBJC_IMPLICIT_RETAIN_SELF = YES;
				CLANG_WARN_OBJC_LITERAL_CONVERSION = YES;
				CLANG_WARN_OBJC_ROOT_CLASS = YES_ERROR;
				CLANG_WARN_QUOTED_INCLUDE_IN_FRAMEWORK_HEADER = YES;
				CLANG_WARN_RANGE_LOOP_ANALYSIS = YES;
				CLANG_WARN_STRICT_PROTOTYPES = YES;
				CLANG_WARN_SUSPICIOUS_MOVE = YES;
				CLANG_WARN_UNGUARDED_AVAILABILITY = YES_AGGRESSIVE;
				CLANG_WARN_UNREACHABLE_CODE = YES;
				CLANG_WARN__DUPLICATE_METHOD_MATCH = YES;
				COPY_PHASE_STRIP = NO;
				DEBUG_INFORMATION_FORMAT = "dwarf-with-dsym";
				ENABLE_NS_ASSERTIONS = NO;
				ENABLE_STRICT_OBJC_MSGSEND = YES;
				GCC_C_LANGUAGE_STANDARD = gnu11;
				GCC_NO_COMMON_BLOCKS = YES;
				GCC_WARN_64_TO_32_BIT_CONVERSION = YES;
				GCC_WARN_ABOUT_RETURN_TYPE = YES_ERROR;
				GCC_WARN_UNDECLARED_SELECTOR = YES;
				GCC_WARN_UNINITIALIZED_AUTOS = YES_AGGRESSIVE;
				GCC_WARN_UNUSED_FUNCTION = YES;
				GCC_WARN_UNUSED_VARIABLE = YES;
				IPHONEOS_DEPLOYMENT_TARGET = 16.1;
				MTL_ENABLE_DEBUG_INFO = NO;
				MTL_FAST_MATH = YES;
				SDKROOT = iphoneos;
				SWIFT_COMPILATION_MODE = wholemodule;
				SWIFT_OPTIMIZATION_LEVEL = "-O";
				VALIDATE_PRODUCT = YES;
			};
			name = Release;
		};
		157997152926C48B00A50F37 /* Debug */ = {
			isa = XCBuildConfiguration;
			baseConfigurationReference = 326D8FD93BA2587FF9ED3BFC /* Pods-ApiManger.debug.xcconfig */;
			buildSettings = {
				ASSETCATALOG_COMPILER_APPICON_NAME = AppIcon;
				ASSETCATALOG_COMPILER_GLOBAL_ACCENT_COLOR_NAME = AccentColor;
				CODE_SIGN_STYLE = Automatic;
				CURRENT_PROJECT_VERSION = 1;
				GENERATE_INFOPLIST_FILE = YES;
				INFOPLIST_FILE = ApiManger/Info.plist;
				INFOPLIST_KEY_UIApplicationSupportsIndirectInputEvents = YES;
				INFOPLIST_KEY_UILaunchStoryboardName = LaunchScreen;
				INFOPLIST_KEY_UIMainStoryboardFile = Main;
				INFOPLIST_KEY_UISupportedInterfaceOrientations = UIInterfaceOrientationPortrait;
				INFOPLIST_KEY_UISupportedInterfaceOrientations_iPad = "UIInterfaceOrientationLandscapeLeft UIInterfaceOrientationLandscapeRight UIInterfaceOrientationPortrait UIInterfaceOrientationPortraitUpsideDown";
				IPHONEOS_DEPLOYMENT_TARGET = 14.0;
				LD_RUNPATH_SEARCH_PATHS = (
					"$(inherited)",
					"@executable_path/Frameworks",
				);
				MARKETING_VERSION = 1.0;
				PRODUCT_BUNDLE_IDENTIFIER = com.pg.ApiManager.ApiManger;
				PRODUCT_NAME = "$(TARGET_NAME)";
				SUPPORTED_PLATFORMS = "iphoneos iphonesimulator";
				SUPPORTS_MACCATALYST = NO;
				SUPPORTS_MAC_DESIGNED_FOR_IPHONE_IPAD = NO;
				SWIFT_EMIT_LOC_STRINGS = YES;
				SWIFT_VERSION = 5.0;
				TARGETED_DEVICE_FAMILY = 1;
			};
			name = Debug;
		};
		157997162926C48B00A50F37 /* Release */ = {
			isa = XCBuildConfiguration;
			baseConfigurationReference = E5B923DBA84D12B4BA5856F8 /* Pods-ApiManger.release.xcconfig */;
			buildSettings = {
				ASSETCATALOG_COMPILER_APPICON_NAME = AppIcon;
				ASSETCATALOG_COMPILER_GLOBAL_ACCENT_COLOR_NAME = AccentColor;
				CODE_SIGN_STYLE = Automatic;
				CURRENT_PROJECT_VERSION = 1;
				GENERATE_INFOPLIST_FILE = YES;
				INFOPLIST_FILE = ApiManger/Info.plist;
				INFOPLIST_KEY_UIApplicationSupportsIndirectInputEvents = YES;
				INFOPLIST_KEY_UILaunchStoryboardName = LaunchScreen;
				INFOPLIST_KEY_UIMainStoryboardFile = Main;
				INFOPLIST_KEY_UISupportedInterfaceOrientations = UIInterfaceOrientationPortrait;
				INFOPLIST_KEY_UISupportedInterfaceOrientations_iPad = "UIInterfaceOrientationLandscapeLeft UIInterfaceOrientationLandscapeRight UIInterfaceOrientationPortrait UIInterfaceOrientationPortraitUpsideDown";
				IPHONEOS_DEPLOYMENT_TARGET = 14.0;
				LD_RUNPATH_SEARCH_PATHS = (
					"$(inherited)",
					"@executable_path/Frameworks",
				);
				MARKETING_VERSION = 1.0;
				PRODUCT_BUNDLE_IDENTIFIER = com.pg.ApiManager.ApiManger;
				PRODUCT_NAME = "$(TARGET_NAME)";
				SUPPORTED_PLATFORMS = "iphoneos iphonesimulator";
				SUPPORTS_MACCATALYST = NO;
				SUPPORTS_MAC_DESIGNED_FOR_IPHONE_IPAD = NO;
				SWIFT_EMIT_LOC_STRINGS = YES;
				SWIFT_VERSION = 5.0;
				TARGETED_DEVICE_FAMILY = 1;
			};
			name = Release;
		};
/* End XCBuildConfiguration section */

/* Begin XCConfigurationList section */
		157996FB2926C48A00A50F37 /* Build configuration list for PBXProject "ApiManger" */ = {
			isa = XCConfigurationList;
			buildConfigurations = (
				157997122926C48B00A50F37 /* Debug */,
				157997132926C48B00A50F37 /* Release */,
			);
			defaultConfigurationIsVisible = 0;
			defaultConfigurationName = Release;
		};
		157997142926C48B00A50F37 /* Build configuration list for PBXNativeTarget "ApiManger" */ = {
			isa = XCConfigurationList;
			buildConfigurations = (
				157997152926C48B00A50F37 /* Debug */,
				157997162926C48B00A50F37 /* Release */,
			);
			defaultConfigurationIsVisible = 0;
			defaultConfigurationName = Release;
		};
/* End XCConfigurationList section */
	};
	rootObject = 157996F82926C48A00A50F37 /* Project object */;
}
